
Microsoft Visual Studio Solution File, Format Version 12.00
# Visual Studio Version 16
VisualStudioVersion = 16.0.31005.135
MinimumVisualStudioVersion = 10.0.40219.1
Project("{9A19103F-16F7-4668-BE54-9A1E7A4F7556}") = "API", "API\API.csproj", "{247508CC-E5ED-4404-8C1C-34D70597CBBE}"
EndProject
Project("{FAE04EC0-301F-11D3-BF4B-00C04F79EFBC}") = "Services", "Services\Services.csproj", "{4571D88E-507B-4214-845E-CAB3DB7D38A5}"
EndProject
Project("{FAE04EC0-301F-11D3-BF4B-00C04F79EFBC}") = "Library", "Library\Library.csproj", "{C3EA3123-941D-4CDB-9B80-AAFD1B2BB510}"
EndProject
Global
	GlobalSection(SolutionConfigurationPlatforms) = preSolution
		Debug|Any CPU = Debug|Any CPU
		Release|Any CPU = Release|Any CPU
	EndGlobalSection
	GlobalSection(ProjectConfigurationPlatforms) = postSolution
		{247508CC-E5ED-4404-8C1C-34D70597CBBE}.Debug|Any CPU.ActiveCfg = Debug|Any CPU
		{247508CC-E5ED-4404-8C1C-34D70597CBBE}.Debug|Any CPU.Build.0 = Debug|Any CPU
		{247508CC-E5ED-4404-8C1C-34D70597CBBE}.Release|Any CPU.ActiveCfg = Release|Any CPU
		{247508CC-E5ED-4404-8C1C-34D70597CBBE}.Release|Any CPU.Build.0 = Release|Any CPU
		{4571D88E-507B-4214-845E-CAB3DB7D38A5}.Debug|Any CPU.ActiveCfg = Debug|Any CPU
		{4571D88E-507B-4214-845E-CAB3DB7D38A5}.Debug|Any CPU.Build.0 = Debug|Any CPU
		{4571D88E-507B-4214-845E-CAB3DB7D38A5}.Release|Any CPU.ActiveCfg = Release|Any CPU
		{4571D88E-507B-4214-845E-CAB3DB7D38A5}.Release|Any CPU.Build.0 = Release|Any CPU
		{C3EA3123-941D-4CDB-9B80-AAFD1B2BB510}.Debug|Any CPU.ActiveCfg = Debug|Any CPU
		{C3EA3123-941D-4CDB-9B80-AAFD1B2BB510}.Debug|Any CPU.Build.0 = Debug|Any CPU
		{C3EA3123-941D-4CDB-9B80-AAFD1B2BB510}.Release|Any CPU.ActiveCfg = Release|Any CPU
		{C3EA3123-941D-4CDB-9B80-AAFD1B2BB510}.Release|Any CPU.Build.0 = Release|Any CPU
	EndGlobalSection
	GlobalSection(SolutionProperties) = preSolution
		HideSolutionNode = FALSE
	EndGlobalSection
	GlobalSection(ExtensibilityGlobals) = postSolution
		SolutionGuid = {4955D278-C5C5-4381-A115-6C3683860362}
	EndGlobalSection
EndGlobal
